
Microsoft Visual Studio Solution File, Format Version 12.00
# Visual Studio Version 16
VisualStudioVersion = 16.0.31005.135
MinimumVisualStudioVersion = 10.0.40219.1
Project("{FAE04EC0-301F-11D3-BF4B-00C04F79EFBC}") = "komisi_plus_gajipokok_pegawai_abstractclass", "komisi_plus_gajipokok_pegawai_abstractclass\komisi_plus_gajipokok_pegawai_abstractclass.csproj", "{DEE406DE-09DA-487A-BA1F-3E4B9D48EFB6}"
EndProject
Global
	GlobalSection(SolutionConfigurationPlatforms) = preSolution
		Debug|Any CPU = Debug|Any CPU
		Release|Any CPU = Release|Any CPU
	EndGlobalSection
	GlobalSection(ProjectConfigurationPlatforms) = postSolution
		{DEE406DE-09DA-487A-BA1F-3E4B9D48EFB6}.Debug|Any CPU.ActiveCfg = Debug|Any CPU
		{DEE406DE-09DA-487A-BA1F-3E4B9D48EFB6}.Debug|Any CPU.Build.0 = Debug|Any CPU
		{DEE406DE-09DA-487A-BA1F-3E4B9D48EFB6}.Release|Any CPU.ActiveCfg = Release|Any CPU
		{DEE406DE-09DA-487A-BA1F-3E4B9D48EFB6}.Release|Any CPU.Build.0 = Release|Any CPU
	EndGlobalSection
	GlobalSection(SolutionProperties) = preSolution
		HideSolutionNode = FALSE
	EndGlobalSection
	GlobalSection(ExtensibilityGlobals) = postSolution
		SolutionGuid = {4AF9574E-D7DF-413E-B8C3-AB7872B04F6E}
	EndGlobalSection
EndGlobal
